
Microsoft Visual Studio Solution File, Format Version 12.00
# Visual Studio Express 2012 for Web
Project("{F2A71F9B-5D33-465A-A702-920D77279786}") = "Radiance", "Radiance\Radiance.fsproj", "{675784B9-83B0-40BD-849F-BA7B75AC35B5}"
EndProject
Global
	GlobalSection(SolutionConfigurationPlatforms) = preSolution
		Debug|Any CPU = Debug|Any CPU
		Release|Any CPU = Release|Any CPU
	EndGlobalSection
	GlobalSection(ProjectConfigurationPlatforms) = postSolution
		{675784B9-83B0-40BD-849F-BA7B75AC35B5}.Debug|Any CPU.ActiveCfg = Debug|Any CPU
		{675784B9-83B0-40BD-849F-BA7B75AC35B5}.Debug|Any CPU.Build.0 = Debug|Any CPU
		{675784B9-83B0-40BD-849F-BA7B75AC35B5}.Release|Any CPU.ActiveCfg = Release|Any CPU
		{675784B9-83B0-40BD-849F-BA7B75AC35B5}.Release|Any CPU.Build.0 = Release|Any CPU
	EndGlobalSection
	GlobalSection(SolutionProperties) = preSolution
		HideSolutionNode = FALSE
	EndGlobalSection
EndGlobal
